
Microsoft Visual Studio Solution File, Format Version 12.00
# Visual Studio Version 17
VisualStudioVersion = 17.3.32901.215
MinimumVisualStudioVersion = 10.0.40219.1
Project("{FAE04EC0-301F-11D3-BF4B-00C04F79EFBC}") = "Project1", "Project1\Project1.csproj", "{D5F0F9E5-7594-4750-9857-92FEAA224CBD}"
EndProject
Global
	GlobalSection(SolutionConfigurationPlatforms) = preSolution
		Debug|Any CPU = Debug|Any CPU
		Release|Any CPU = Release|Any CPU
	EndGlobalSection
	GlobalSection(ProjectConfigurationPlatforms) = postSolution
		{D5F0F9E5-7594-4750-9857-92FEAA224CBD}.Debug|Any CPU.ActiveCfg = Debug|Any CPU
		{D5F0F9E5-7594-4750-9857-92FEAA224CBD}.Debug|Any CPU.Build.0 = Debug|Any CPU
		{D5F0F9E5-7594-4750-9857-92FEAA224CBD}.Release|Any CPU.ActiveCfg = Release|Any CPU
		{D5F0F9E5-7594-4750-9857-92FEAA224CBD}.Release|Any CPU.Build.0 = Release|Any CPU
	EndGlobalSection
	GlobalSection(SolutionProperties) = preSolution
		HideSolutionNode = FALSE
	EndGlobalSection
	GlobalSection(ExtensibilityGlobals) = postSolution
		SolutionGuid = {7C26AB4D-E9C5-410B-9FD6-E749A254DA57}
	EndGlobalSection
EndGlobal
